
Microsoft Visual Studio Solution File, Format Version 12.00
# Visual Studio Version 16
VisualStudioVersion = 16.0.32228.343
MinimumVisualStudioVersion = 10.0.40219.1
Project("{FAE04EC0-301F-11D3-BF4B-00C04F79EFBC}") = "maket31", "maket31\maket31.csproj", "{96EAA497-860B-475A-8057-18699C42E00B}"
EndProject
Global
	GlobalSection(SolutionConfigurationPlatforms) = preSolution
		Debug|Any CPU = Debug|Any CPU
		Release|Any CPU = Release|Any CPU
	EndGlobalSection
	GlobalSection(ProjectConfigurationPlatforms) = postSolution
		{96EAA497-860B-475A-8057-18699C42E00B}.Debug|Any CPU.ActiveCfg = Debug|Any CPU
		{96EAA497-860B-475A-8057-18699C42E00B}.Debug|Any CPU.Build.0 = Debug|Any CPU
		{96EAA497-860B-475A-8057-18699C42E00B}.Release|Any CPU.ActiveCfg = Release|Any CPU
		{96EAA497-860B-475A-8057-18699C42E00B}.Release|Any CPU.Build.0 = Release|Any CPU
	EndGlobalSection
	GlobalSection(SolutionProperties) = preSolution
		HideSolutionNode = FALSE
	EndGlobalSection
	GlobalSection(ExtensibilityGlobals) = postSolution
		SolutionGuid = {8007A5D8-7B84-4534-897B-9E5580333A56}
	EndGlobalSection
EndGlobal
